
Microsoft Visual Studio Solution File, Format Version 12.00
# Visual Studio Version 16
VisualStudioVersion = 16.0.31702.278
MinimumVisualStudioVersion = 10.0.40219.1
Project("{FAE04EC0-301F-11D3-BF4B-00C04F79EFBC}") = "lab5KeithleenR", "lab5KeithleenR.csproj", "{AA99E2FE-C041-45CB-B512-F8E9BC6FCB44}"
EndProject
Global
	GlobalSection(SolutionConfigurationPlatforms) = preSolution
		Debug|Any CPU = Debug|Any CPU
		Release|Any CPU = Release|Any CPU
	EndGlobalSection
	GlobalSection(ProjectConfigurationPlatforms) = postSolution
		{AA99E2FE-C041-45CB-B512-F8E9BC6FCB44}.Debug|Any CPU.ActiveCfg = Debug|Any CPU
		{AA99E2FE-C041-45CB-B512-F8E9BC6FCB44}.Debug|Any CPU.Build.0 = Debug|Any CPU
		{AA99E2FE-C041-45CB-B512-F8E9BC6FCB44}.Release|Any CPU.ActiveCfg = Release|Any CPU
		{AA99E2FE-C041-45CB-B512-F8E9BC6FCB44}.Release|Any CPU.Build.0 = Release|Any CPU
	EndGlobalSection
	GlobalSection(SolutionProperties) = preSolution
		HideSolutionNode = FALSE
	EndGlobalSection
	GlobalSection(ExtensibilityGlobals) = postSolution
		SolutionGuid = {176D43B3-2274-4921-BBAE-ED2C80B661B4}
	EndGlobalSection
EndGlobal
